
Microsoft Visual Studio Solution File, Format Version 12.00
# Visual Studio Version 17
VisualStudioVersion = 17.8.34511.84
MinimumVisualStudioVersion = 10.0.40219.1
Project("{9A19103F-16F7-4668-BE54-9A1E7A4F7556}") = "ScottsSortOfNewCars", "ScottsSortOfNewCars\ScottsSortOfNewCars.csproj", "{CA3A7F2A-C8F3-414D-AD80-81103800977D}"
EndProject
Global
	GlobalSection(SolutionConfigurationPlatforms) = preSolution
		Debug|Any CPU = Debug|Any CPU
		Release|Any CPU = Release|Any CPU
	EndGlobalSection
	GlobalSection(ProjectConfigurationPlatforms) = postSolution
		{CA3A7F2A-C8F3-414D-AD80-81103800977D}.Debug|Any CPU.ActiveCfg = Debug|Any CPU
		{CA3A7F2A-C8F3-414D-AD80-81103800977D}.Debug|Any CPU.Build.0 = Debug|Any CPU
		{CA3A7F2A-C8F3-414D-AD80-81103800977D}.Debug|Any CPU.Deploy.0 = Debug|Any CPU
		{CA3A7F2A-C8F3-414D-AD80-81103800977D}.Release|Any CPU.ActiveCfg = Release|Any CPU
		{CA3A7F2A-C8F3-414D-AD80-81103800977D}.Release|Any CPU.Build.0 = Release|Any CPU
		{CA3A7F2A-C8F3-414D-AD80-81103800977D}.Release|Any CPU.Deploy.0 = Release|Any CPU
	EndGlobalSection
	GlobalSection(SolutionProperties) = preSolution
		HideSolutionNode = FALSE
	EndGlobalSection
	GlobalSection(ExtensibilityGlobals) = postSolution
		SolutionGuid = {B6AFF354-619F-49AC-BABC-E6A20BF28B18}
	EndGlobalSection
EndGlobal
